
Microsoft Visual Studio Solution File, Format Version 12.00
# Visual Studio Version 17
VisualStudioVersion = 17.3.32804.467
MinimumVisualStudioVersion = 10.0.40219.1
Project("{9A19103F-16F7-4668-BE54-9A1E7A4F7556}") = "nic-api", "nic-api\nic-api.csproj", "{75764F43-4796-42B4-9A70-7D085A03967A}"
EndProject
Project("{FAE04EC0-301F-11D3-BF4B-00C04F79EFBC}") = "nic-api.Tests", "nic-api.Tests\nic-api.Tests.csproj", "{B6F5C21E-CBE3-447B-B93C-052787C4BED8}"
EndProject
Global
	GlobalSection(SolutionConfigurationPlatforms) = preSolution
		Debug|Any CPU = Debug|Any CPU
		Release|Any CPU = Release|Any CPU
	EndGlobalSection
	GlobalSection(ProjectConfigurationPlatforms) = postSolution
		{75764F43-4796-42B4-9A70-7D085A03967A}.Debug|Any CPU.ActiveCfg = Debug|Any CPU
		{75764F43-4796-42B4-9A70-7D085A03967A}.Debug|Any CPU.Build.0 = Debug|Any CPU
		{75764F43-4796-42B4-9A70-7D085A03967A}.Release|Any CPU.ActiveCfg = Release|Any CPU
		{75764F43-4796-42B4-9A70-7D085A03967A}.Release|Any CPU.Build.0 = Release|Any CPU
		{B6F5C21E-CBE3-447B-B93C-052787C4BED8}.Debug|Any CPU.ActiveCfg = Debug|Any CPU
		{B6F5C21E-CBE3-447B-B93C-052787C4BED8}.Debug|Any CPU.Build.0 = Debug|Any CPU
		{B6F5C21E-CBE3-447B-B93C-052787C4BED8}.Release|Any CPU.ActiveCfg = Release|Any CPU
		{B6F5C21E-CBE3-447B-B93C-052787C4BED8}.Release|Any CPU.Build.0 = Release|Any CPU
	EndGlobalSection
	GlobalSection(SolutionProperties) = preSolution
		HideSolutionNode = FALSE
	EndGlobalSection
	GlobalSection(ExtensibilityGlobals) = postSolution
		SolutionGuid = {33D4383E-1FD9-4D8E-89DE-C058D4865737}
	EndGlobalSection
EndGlobal
